// !$*UTF8*$!
{
	archiveVersion = 1;
	classes = {
	};
	objectVersion = 46;
	objects = {

/* Begin PBXBuildFile section */
		5B49DFE018CE5CCE00DB9322 /* UnionFind.1 in CopyFiles */ = {isa = PBXBuildFile; fileRef = 5B49DFDF18CE5CCE00DB9322 /* UnionFind.1 */; };
		5B49DFE618CE5D0D00DB9322 /* ufTest.cpp in Sources */ = {isa = PBXBuildFile; fileRef = 5B49DFE418CE5CF800DB9322 /* ufTest.cpp */; };
		5B49DFEE18CE6F7B00DB9322 /* QuickFind.cpp in Sources */ = {isa = PBXBuildFile; fileRef = 5B49DFE718CE5D6C00DB9322 /* QuickFind.cpp */; };
		5B49DFEF18CE6F7E00DB9322 /* QuickUnion.cpp in Sources */ = {isa = PBXBuildFile; fileRef = 5B49DFEB18CE69F700DB9322 /* QuickUnion.cpp */; };
		5B49DFF618CE77DC00DB9322 /* WeightedQuickUnion.cpp in Sources */ = {isa = PBXBuildFile; fileRef = 5B49DFF318CE776900DB9322 /* WeightedQuickUnion.cpp */; };
		5BD0735718C0F467002D3134 /* main.cpp in Sources */ = {isa = PBXBuildFile; fileRef = 5BD0735618C0F467002D3134 /* main.cpp */; };
		5BD0735918C0F467002D3134 /* Algorithms.1 in CopyFiles */ = {isa = PBXBuildFile; fileRef = 5BD0735818C0F467002D3134 /* Algorithms.1 */; };
		5BF9368818CE8391007DB349 /* Percolation.1 in CopyFiles */ = {isa = PBXBuildFile; fileRef = 5BF9368718CE8391007DB349 /* Percolation.1 */; };
		5BF9368C18CE83A2007DB349 /* percolation.cpp in Sources */ = {isa = PBXBuildFile; fileRef = 5BF9367D18CE8379007DB349 /* percolation.cpp */; };
		5BF9368D18CE8461007DB349 /* WeightedQuickUnion.cpp in Sources */ = {isa = PBXBuildFile; fileRef = 5B49DFF318CE776900DB9322 /* WeightedQuickUnion.cpp */; };
/* End PBXBuildFile section */

/* Begin PBXCopyFilesBuildPhase section */
		5B49DFD918CE5CCE00DB9322 /* CopyFiles */ = {
			isa = PBXCopyFilesBuildPhase;
			buildActionMask = 2147483647;
			dstPath = /usr/share/man/man1/;
			dstSubfolderSpec = 0;
			files = (
				5B49DFE018CE5CCE00DB9322 /* UnionFind.1 in CopyFiles */,
			);
			runOnlyForDeploymentPostprocessing = 1;
		};
		5BD0735118C0F467002D3134 /* CopyFiles */ = {
			isa = PBXCopyFilesBuildPhase;
			buildActionMask = 2147483647;
			dstPath = /usr/share/man/man1/;
			dstSubfolderSpec = 0;
			files = (
				5BD0735918C0F467002D3134 /* Algorithms.1 in CopyFiles */,
			);
			runOnlyForDeploymentPostprocessing = 1;
		};
		5BF9368118CE8391007DB349 /* CopyFiles */ = {
			isa = PBXCopyFilesBuildPhase;
			buildActionMask = 2147483647;
			dstPath = /usr/share/man/man1/;
			dstSubfolderSpec = 0;
			files = (
				5BF9368818CE8391007DB349 /* Percolation.1 in CopyFiles */,
			);
			runOnlyForDeploymentPostprocessing = 1;
		};
/* End PBXCopyFilesBuildPhase section */

/* Begin PBXFileReference section */
		5B49DFD518CE5BEE00DB9322 /* UnionFind.h */ = {isa = PBXFileReference; fileEncoding = 4; lastKnownFileType = sourcecode.c.h; path = UnionFind.h; sourceTree = "<group>"; };
		5B49DFDB18CE5CCE00DB9322 /* UnionFind */ = {isa = PBXFileReference; explicitFileType = "compiled.mach-o.executable"; includeInIndex = 0; path = UnionFind; sourceTree = BUILT_PRODUCTS_DIR; };
		5B49DFDF18CE5CCE00DB9322 /* UnionFind.1 */ = {isa = PBXFileReference; lastKnownFileType = text.man; name = UnionFind.1; path = ../UnionFind/UnionFind.1; sourceTree = "<group>"; };
		5B49DFE418CE5CF800DB9322 /* ufTest.cpp */ = {isa = PBXFileReference; fileEncoding = 4; lastKnownFileType = sourcecode.cpp.cpp; path = ufTest.cpp; sourceTree = "<group>"; };
		5B49DFE718CE5D6C00DB9322 /* QuickFind.cpp */ = {isa = PBXFileReference; fileEncoding = 4; lastKnownFileType = sourcecode.cpp.cpp; path = QuickFind.cpp; sourceTree = "<group>"; };
		5B49DFE818CE5D6C00DB9322 /* QuickFind.h */ = {isa = PBXFileReference; fileEncoding = 4; lastKnownFileType = sourcecode.c.h; path = QuickFind.h; sourceTree = "<group>"; };
		5B49DFEB18CE69F700DB9322 /* QuickUnion.cpp */ = {isa = PBXFileReference; fileEncoding = 4; lastKnownFileType = sourcecode.cpp.cpp; path = QuickUnion.cpp; sourceTree = "<group>"; };
		5B49DFEC18CE69F700DB9322 /* QuickUnion.h */ = {isa = PBXFileReference; fileEncoding = 4; lastKnownFileType = sourcecode.c.h; path = QuickUnion.h; sourceTree = "<group>"; };
		5B49DFF318CE776900DB9322 /* WeightedQuickUnion.cpp */ = {isa = PBXFileReference; fileEncoding = 4; lastKnownFileType = sourcecode.cpp.cpp; path = WeightedQuickUnion.cpp; sourceTree = "<group>"; };
		5B49DFF418CE776900DB9322 /* WeightedQuickUnion.h */ = {isa = PBXFileReference; fileEncoding = 4; lastKnownFileType = sourcecode.c.h; path = WeightedQuickUnion.h; sourceTree = "<group>"; };
		5B8698AD18CA3B6900682AF4 /* InsertionSortStrategy.cpp */ = {isa = PBXFileReference; fileEncoding = 4; lastKnownFileType = sourcecode.cpp.cpp; path = InsertionSortStrategy.cpp; sourceTree = "<group>"; };
		5B8698AE18CA3B6900682AF4 /* InsertionSortStrategy.h */ = {isa = PBXFileReference; fileEncoding = 4; lastKnownFileType = sourcecode.c.h; path = InsertionSortStrategy.h; sourceTree = "<group>"; };
		5BC12E9D18C2BFB200D73891 /* SelectionSortStrategy.h */ = {isa = PBXFileReference; fileEncoding = 4; lastKnownFileType = sourcecode.c.h; path = SelectionSortStrategy.h; sourceTree = "<group>"; };
		5BC12EA018C2BFC100D73891 /* SortStrategy.h */ = {isa = PBXFileReference; fileEncoding = 4; lastKnownFileType = sourcecode.c.h; path = SortStrategy.h; sourceTree = "<group>"; };
		5BC12EA218C2C69F00D73891 /* BubbleSortStrategy.h */ = {isa = PBXFileReference; lastKnownFileType = sourcecode.c.h; path = BubbleSortStrategy.h; sourceTree = "<group>"; };
		5BD0735318C0F467002D3134 /* Algorithms */ = {isa = PBXFileReference; explicitFileType = "compiled.mach-o.executable"; includeInIndex = 0; path = Algorithms; sourceTree = BUILT_PRODUCTS_DIR; };
		5BD0735618C0F467002D3134 /* main.cpp */ = {isa = PBXFileReference; lastKnownFileType = sourcecode.cpp.cpp; path = main.cpp; sourceTree = "<group>"; };
		5BD0735818C0F467002D3134 /* Algorithms.1 */ = {isa = PBXFileReference; lastKnownFileType = text.man; path = Algorithms.1; sourceTree = "<group>"; };
		5BF90C3918C2E4FA006765A5 /* SelectionSortStrategy.cpp */ = {isa = PBXFileReference; fileEncoding = 4; lastKnownFileType = sourcecode.cpp.cpp; path = SelectionSortStrategy.cpp; sourceTree = "<group>"; };
		5BF90C3C18C2E59B006765A5 /* BubbleSortStrategy.cpp */ = {isa = PBXFileReference; fileEncoding = 4; lastKnownFileType = sourcecode.cpp.cpp; path = BubbleSortStrategy.cpp; sourceTree = "<group>"; };
		5BF9367D18CE8379007DB349 /* percolation.cpp */ = {isa = PBXFileReference; fileEncoding = 4; lastKnownFileType = sourcecode.cpp.cpp; name = percolation.cpp; path = ../Algorithms/percolation.cpp; sourceTree = "<group>"; };
		5BF9368318CE8391007DB349 /* Percolation */ = {isa = PBXFileReference; explicitFileType = "compiled.mach-o.executable"; includeInIndex = 0; path = Percolation; sourceTree = BUILT_PRODUCTS_DIR; };
		5BF9368718CE8391007DB349 /* Percolation.1 */ = {isa = PBXFileReference; lastKnownFileType = text.man; path = Percolation.1; sourceTree = "<group>"; };
/* End PBXFileReference section */

/* Begin PBXFrameworksBuildPhase section */
		5B49DFD818CE5CCE00DB9322 /* Frameworks */ = {
			isa = PBXFrameworksBuildPhase;
			buildActionMask = 2147483647;
			files = (
			);
			runOnlyForDeploymentPostprocessing = 0;
		};
		5BD0735018C0F467002D3134 /* Frameworks */ = {
			isa = PBXFrameworksBuildPhase;
			buildActionMask = 2147483647;
			files = (
			);
			runOnlyForDeploymentPostprocessing = 0;
		};
		5BF9368018CE8391007DB349 /* Frameworks */ = {
			isa = PBXFrameworksBuildPhase;
			buildActionMask = 2147483647;
			files = (
			);
			runOnlyForDeploymentPostprocessing = 0;
		};
/* End PBXFrameworksBuildPhase section */

/* Begin PBXGroup section */
		5B49DFD318CE5BD100DB9322 /* Union Find */ = {
			isa = PBXGroup;
			children = (
				5B49DFE418CE5CF800DB9322 /* ufTest.cpp */,
				5B49DFDF18CE5CCE00DB9322 /* UnionFind.1 */,
				5B49DFD518CE5BEE00DB9322 /* UnionFind.h */,
				5B49DFE818CE5D6C00DB9322 /* QuickFind.h */,
				5B49DFE718CE5D6C00DB9322 /* QuickFind.cpp */,
				5B49DFEC18CE69F700DB9322 /* QuickUnion.h */,
				5B49DFEB18CE69F700DB9322 /* QuickUnion.cpp */,
				5B49DFF418CE776900DB9322 /* WeightedQuickUnion.h */,
				5B49DFF318CE776900DB9322 /* WeightedQuickUnion.cpp */,
				5BF9368418CE8391007DB349 /* Percolation */,
			);
			name = "Union Find";
			sourceTree = "<group>";
		};
		5BD0734A18C0F467002D3134 = {
			isa = PBXGroup;
			children = (
				5BD0735518C0F467002D3134 /* Algorithms */,
				5BD0735418C0F467002D3134 /* Products */,
			);
			sourceTree = "<group>";
		};
		5BD0735418C0F467002D3134 /* Products */ = {
			isa = PBXGroup;
			children = (
				5BD0735318C0F467002D3134 /* Algorithms */,
				5B49DFDB18CE5CCE00DB9322 /* UnionFind */,
				5BF9368318CE8391007DB349 /* Percolation */,
			);
			name = Products;
			sourceTree = "<group>";
		};
		5BD0735518C0F467002D3134 /* Algorithms */ = {
			isa = PBXGroup;
			children = (
				5B49DFD318CE5BD100DB9322 /* Union Find */,
				5BD0735618C0F467002D3134 /* main.cpp */,
				5BD0735818C0F467002D3134 /* Algorithms.1 */,
				5BC12EA018C2BFC100D73891 /* SortStrategy.h */,
				5BC12E9D18C2BFB200D73891 /* SelectionSortStrategy.h */,
				5BF90C3918C2E4FA006765A5 /* SelectionSortStrategy.cpp */,
				5BC12EA218C2C69F00D73891 /* BubbleSortStrategy.h */,
				5BF90C3C18C2E59B006765A5 /* BubbleSortStrategy.cpp */,
				5B8698AE18CA3B6900682AF4 /* InsertionSortStrategy.h */,
				5B8698AD18CA3B6900682AF4 /* InsertionSortStrategy.cpp */,
			);
			path = Algorithms;
			sourceTree = "<group>";
		};
		5BF9368418CE8391007DB349 /* Percolation */ = {
			isa = PBXGroup;
			children = (
				5BF9367D18CE8379007DB349 /* percolation.cpp */,
				5BF9368718CE8391007DB349 /* Percolation.1 */,
			);
			name = Percolation;
			path = ../Percolation;
			sourceTree = "<group>";
		};
/* End PBXGroup section */

/* Begin PBXNativeTarget section */
		5B49DFDA18CE5CCE00DB9322 /* UnionFind */ = {
			isa = PBXNativeTarget;
			buildConfigurationList = 5B49DFE118CE5CCE00DB9322 /* Build configuration list for PBXNativeTarget "UnionFind" */;
			buildPhases = (
				5B49DFD718CE5CCE00DB9322 /* Sources */,
				5B49DFD818CE5CCE00DB9322 /* Frameworks */,
				5B49DFD918CE5CCE00DB9322 /* CopyFiles */,
			);
			buildRules = (
			);
			dependencies = (
			);
			name = UnionFind;
			productName = UnionFind;
			productReference = 5B49DFDB18CE5CCE00DB9322 /* UnionFind */;
			productType = "com.apple.product-type.tool";
		};
		5BD0735218C0F467002D3134 /* Algorithms */ = {
			isa = PBXNativeTarget;
			buildConfigurationList = 5BD0735C18C0F467002D3134 /* Build configuration list for PBXNativeTarget "Algorithms" */;
			buildPhases = (
				5BD0734F18C0F467002D3134 /* Sources */,
				5BD0735018C0F467002D3134 /* Frameworks */,
				5BD0735118C0F467002D3134 /* CopyFiles */,
			);
			buildRules = (
			);
			dependencies = (
			);
			name = Algorithms;
			productName = Algorithms;
			productReference = 5BD0735318C0F467002D3134 /* Algorithms */;
			productType = "com.apple.product-type.tool";
		};
		5BF9368218CE8391007DB349 /* Percolation */ = {
			isa = PBXNativeTarget;
			buildConfigurationList = 5BF9368918CE8391007DB349 /* Build configuration list for PBXNativeTarget "Percolation" */;
			buildPhases = (
				5BF9367F18CE8391007DB349 /* Sources */,
				5BF9368018CE8391007DB349 /* Frameworks */,
				5BF9368118CE8391007DB349 /* CopyFiles */,
			);
			buildRules = (
			);
			dependencies = (
			);
			name = Percolation;
			productName = Percolation;
			productReference = 5BF9368318CE8391007DB349 /* Percolation */;
			productType = "com.apple.product-type.tool";
		};
/* End PBXNativeTarget section */

/* Begin PBXProject section */
		5BD0734B18C0F467002D3134 /* Project object */ = {
			isa = PBXProject;
			attributes = {
				LastUpgradeCheck = 0500;
				ORGANIZATIONNAME = CGWA;
			};
			buildConfigurationList = 5BD0734E18C0F467002D3134 /* Build configuration list for PBXProject "Algorithms" */;
			compatibilityVersion = "Xcode 3.2";
			developmentRegion = English;
			hasScannedForEncodings = 0;
			knownRegions = (
				en,
			);
			mainGroup = 5BD0734A18C0F467002D3134;
			productRefGroup = 5BD0735418C0F467002D3134 /* Products */;
			projectDirPath = "";
			projectRoot = "";
			targets = (
				5BD0735218C0F467002D3134 /* Algorithms */,
				5B49DFDA18CE5CCE00DB9322 /* UnionFind */,
				5BF9368218CE8391007DB349 /* Percolation */,
			);
		};
/* End PBXProject section */

/* Begin PBXSourcesBuildPhase section */
		5B49DFD718CE5CCE00DB9322 /* Sources */ = {
			isa = PBXSourcesBuildPhase;
			buildActionMask = 2147483647;
			files = (
				5B49DFEE18CE6F7B00DB9322 /* QuickFind.cpp in Sources */,
				5B49DFF618CE77DC00DB9322 /* WeightedQuickUnion.cpp in Sources */,
				5B49DFEF18CE6F7E00DB9322 /* QuickUnion.cpp in Sources */,
				5B49DFE618CE5D0D00DB9322 /* ufTest.cpp in Sources */,
			);
			runOnlyForDeploymentPostprocessing = 0;
		};
		5BD0734F18C0F467002D3134 /* Sources */ = {
			isa = PBXSourcesBuildPhase;
			buildActionMask = 2147483647;
			files = (
				5BD0735718C0F467002D3134 /* main.cpp in Sources */,
			);
			runOnlyForDeploymentPostprocessing = 0;
		};
		5BF9367F18CE8391007DB349 /* Sources */ = {
			isa = PBXSourcesBuildPhase;
			buildActionMask = 2147483647;
			files = (
				5BF9368C18CE83A2007DB349 /* percolation.cpp in Sources */,
				5BF9368D18CE8461007DB349 /* WeightedQuickUnion.cpp in Sources */,
			);
			runOnlyForDeploymentPostprocessing = 0;
		};
/* End PBXSourcesBuildPhase section */

/* Begin XCBuildConfiguration section */
		5B49DFE218CE5CCE00DB9322 /* Debug */ = {
			isa = XCBuildConfiguration;
			buildSettings = {
				GCC_PREPROCESSOR_DEFINITIONS = (
					"DEBUG=1",
					"$(inherited)",
				);
				PRODUCT_NAME = "$(TARGET_NAME)";
			};
			name = Debug;
		};
		5B49DFE318CE5CCE00DB9322 /* Release */ = {
			isa = XCBuildConfiguration;
			buildSettings = {
				PRODUCT_NAME = "$(TARGET_NAME)";
			};
			name = Release;
		};
		5BD0735A18C0F467002D3134 /* Debug */ = {
			isa = XCBuildConfiguration;
			buildSettings = {
				ALWAYS_SEARCH_USER_PATHS = NO;
				CLANG_CXX_LANGUAGE_STANDARD = "gnu++0x";
				CLANG_CXX_LIBRARY = "libc++";
				CLANG_ENABLE_OBJC_ARC = YES;
				CLANG_WARN_BOOL_CONVERSION = YES;
				CLANG_WARN_CONSTANT_CONVERSION = YES;
				CLANG_WARN_DIRECT_OBJC_ISA_USAGE = YES_ERROR;
				CLANG_WARN_EMPTY_BODY = YES;
				CLANG_WARN_ENUM_CONVERSION = YES;
				CLANG_WARN_INT_CONVERSION = YES;
				CLANG_WARN_OBJC_ROOT_CLASS = YES_ERROR;
				CLANG_WARN__DUPLICATE_METHOD_MATCH = YES;
				COPY_PHASE_STRIP = NO;
				GCC_C_LANGUAGE_STANDARD = gnu99;
				GCC_DYNAMIC_NO_PIC = NO;
				GCC_ENABLE_OBJC_EXCEPTIONS = YES;
				GCC_OPTIMIZATION_LEVEL = 0;
				GCC_PREPROCESSOR_DEFINITIONS = (
					"DEBUG=1",
					"$(inherited)",
				);
				GCC_SYMBOLS_PRIVATE_EXTERN = NO;
				GCC_WARN_64_TO_32_BIT_CONVERSION = YES;
				GCC_WARN_ABOUT_RETURN_TYPE = YES_ERROR;
				GCC_WARN_UNDECLARED_SELECTOR = YES;
				GCC_WARN_UNINITIALIZED_AUTOS = YES;
				GCC_WARN_UNUSED_FUNCTION = YES;
				GCC_WARN_UNUSED_VARIABLE = YES;
				MACOSX_DEPLOYMENT_TARGET = 10.9;
				ONLY_ACTIVE_ARCH = YES;
				SDKROOT = macosx;
			};
			name = Debug;
		};
		5BD0735B18C0F467002D3134 /* Release */ = {
			isa = XCBuildConfiguration;
			buildSettings = {
				ALWAYS_SEARCH_USER_PATHS = NO;
				CLANG_CXX_LANGUAGE_STANDARD = "gnu++0x";
				CLANG_CXX_LIBRARY = "libc++";
				CLANG_ENABLE_OBJC_ARC = YES;
				CLANG_WARN_BOOL_CONVERSION = YES;
				CLANG_WARN_CONSTANT_CONVERSION = YES;
				CLANG_WARN_DIRECT_OBJC_ISA_USAGE = YES_ERROR;
				CLANG_WARN_EMPTY_BODY = YES;
				CLANG_WARN_ENUM_CONVERSION = YES;
				CLANG_WARN_INT_CONVERSION = YES;
				CLANG_WARN_OBJC_ROOT_CLASS = YES_ERROR;
				CLANG_WARN__DUPLICATE_METHOD_MATCH = YES;
				COPY_PHASE_STRIP = YES;
				DEBUG_INFORMATION_FORMAT = "dwarf-with-dsym";
				ENABLE_NS_ASSERTIONS = NO;
				GCC_C_LANGUAGE_STANDARD = gnu99;
				GCC_ENABLE_OBJC_EXCEPTIONS = YES;
				GCC_WARN_64_TO_32_BIT_CONVERSION = YES;
				GCC_WARN_ABOUT_RETURN_TYPE = YES_ERROR;
				GCC_WARN_UNDECLARED_SELECTOR = YES;
				GCC_WARN_UNINITIALIZED_AUTOS = YES;
				GCC_WARN_UNUSED_FUNCTION = YES;
				GCC_WARN_UNUSED_VARIABLE = YES;
				MACOSX_DEPLOYMENT_TARGET = 10.9;
				SDKROOT = macosx;
			};
			name = Release;
		};
		5BD0735D18C0F467002D3134 /* Debug */ = {
			isa = XCBuildConfiguration;
			buildSettings = {
				PRODUCT_NAME = "$(TARGET_NAME)";
			};
			name = Debug;
		};
		5BD0735E18C0F467002D3134 /* Release */ = {
			isa = XCBuildConfiguration;
			buildSettings = {
				PRODUCT_NAME = "$(TARGET_NAME)";
			};
			name = Release;
		};
		5BF9368A18CE8391007DB349 /* Debug */ = {
			isa = XCBuildConfiguration;
			buildSettings = {
				GCC_PREPROCESSOR_DEFINITIONS = (
					"DEBUG=1",
					"$(inherited)",
				);
				PRODUCT_NAME = "$(TARGET_NAME)";
			};
			name = Debug;
		};
		5BF9368B18CE8391007DB349 /* Release */ = {
			isa = XCBuildConfiguration;
			buildSettings = {
				PRODUCT_NAME = "$(TARGET_NAME)";
			};
			name = Release;
		};
/* End XCBuildConfiguration section */

/* Begin XCConfigurationList section */
		5B49DFE118CE5CCE00DB9322 /* Build configuration list for PBXNativeTarget "UnionFind" */ = {
			isa = XCConfigurationList;
			buildConfigurations = (
				5B49DFE218CE5CCE00DB9322 /* Debug */,
				5B49DFE318CE5CCE00DB9322 /* Release */,
			);
			defaultConfigurationIsVisible = 0;
			defaultConfigurationName = Release;
		};
		5BD0734E18C0F467002D3134 /* Build configuration list for PBXProject "Algorithms" */ = {
			isa = XCConfigurationList;
			buildConfigurations = (
				5BD0735A18C0F467002D3134 /* Debug */,
				5BD0735B18C0F467002D3134 /* Release */,
			);
			defaultConfigurationIsVisible = 0;
			defaultConfigurationName = Release;
		};
		5BD0735C18C0F467002D3134 /* Build configuration list for PBXNativeTarget "Algorithms" */ = {
			isa = XCConfigurationList;
			buildConfigurations = (
				5BD0735D18C0F467002D3134 /* Debug */,
				5BD0735E18C0F467002D3134 /* Release */,
			);
			defaultConfigurationIsVisible = 0;
			defaultConfigurationName = Release;
		};
		5BF9368918CE8391007DB349 /* Build configuration list for PBXNativeTarget "Percolation" */ = {
			isa = XCConfigurationList;
			buildConfigurations = (
				5BF9368A18CE8391007DB349 /* Debug */,
				5BF9368B18CE8391007DB349 /* Release */,
			);
			defaultConfigurationIsVisible = 0;
		};
/* End XCConfigurationList section */
	};
	rootObject = 5BD0734B18C0F467002D3134 /* Project object */;
}
